
Microsoft Visual Studio Solution File, Format Version 12.00
Project("{FAE04EC0-301F-11D3-BF4B-00C04F79EFBC}") = "PDFDataExtraction", "PDFDataExtraction\PDFDataExtraction.csproj", "{38C9277A-527E-42DC-A590-CA4B92AD96AB}"
EndProject
Project("{FAE04EC0-301F-11D3-BF4B-00C04F79EFBC}") = "PDFDataExtraction.Tests", "PDFDataExtraction.Tests\PDFDataExtraction.Tests.csproj", "{C90BCBDB-F4FA-4463-AEBC-3C022CE666DF}"
EndProject
Project("{FAE04EC0-301F-11D3-BF4B-00C04F79EFBC}") = "PDFDataExtraction.WebAPI.Client", "PDFDataExtraction.WebAPI.Client\PDFDataExtraction.WebAPI.Client.csproj", "{171E6E88-AE9A-4AC7-9E34-0124E96A5D33}"
EndProject
Project("{FAE04EC0-301F-11D3-BF4B-00C04F79EFBC}") = "PDFDataExtraction.WebAPI.Client.ConsoleApplication", "PDFDataExtraction.WebAPI.Client.ConsoleApplication\PDFDataExtraction.WebAPI.Client.ConsoleApplication.csproj", "{2B9AF7F7-7526-4015-933C-BFF5385FE6BE}"
EndProject
Project("{FAE04EC0-301F-11D3-BF4B-00C04F79EFBC}") = "PDFDataExtraction.WebAPI", "PDFDataExtraction.WebAPI\PDFDataExtraction.WebAPI.csproj", "{9FE5EF25-BDFD-4C1F-AB63-9669D0AB0A87}"
EndProject
Project("{FAE04EC0-301F-11D3-BF4B-00C04F79EFBC}") = "PDFDataExtraction.Viewer", "PDFDataExtraction.Viewer\PDFDataExtraction.Viewer.csproj", "{042C5388-9AF1-4B86-95FF-EA618EB5664E}"
EndProject
Global
	GlobalSection(SolutionConfigurationPlatforms) = preSolution
		Debug|Any CPU = Debug|Any CPU
		Release|Any CPU = Release|Any CPU
	EndGlobalSection
	GlobalSection(ProjectConfigurationPlatforms) = postSolution
		{38C9277A-527E-42DC-A590-CA4B92AD96AB}.Debug|Any CPU.ActiveCfg = Debug|Any CPU
		{38C9277A-527E-42DC-A590-CA4B92AD96AB}.Debug|Any CPU.Build.0 = Debug|Any CPU
		{38C9277A-527E-42DC-A590-CA4B92AD96AB}.Release|Any CPU.ActiveCfg = Release|Any CPU
		{38C9277A-527E-42DC-A590-CA4B92AD96AB}.Release|Any CPU.Build.0 = Release|Any CPU
		{C90BCBDB-F4FA-4463-AEBC-3C022CE666DF}.Debug|Any CPU.ActiveCfg = Debug|Any CPU
		{C90BCBDB-F4FA-4463-AEBC-3C022CE666DF}.Debug|Any CPU.Build.0 = Debug|Any CPU
		{C90BCBDB-F4FA-4463-AEBC-3C022CE666DF}.Release|Any CPU.ActiveCfg = Release|Any CPU
		{C90BCBDB-F4FA-4463-AEBC-3C022CE666DF}.Release|Any CPU.Build.0 = Release|Any CPU
		{171E6E88-AE9A-4AC7-9E34-0124E96A5D33}.Debug|Any CPU.ActiveCfg = Debug|Any CPU
		{171E6E88-AE9A-4AC7-9E34-0124E96A5D33}.Debug|Any CPU.Build.0 = Debug|Any CPU
		{171E6E88-AE9A-4AC7-9E34-0124E96A5D33}.Release|Any CPU.ActiveCfg = Release|Any CPU
		{171E6E88-AE9A-4AC7-9E34-0124E96A5D33}.Release|Any CPU.Build.0 = Release|Any CPU
		{2B9AF7F7-7526-4015-933C-BFF5385FE6BE}.Debug|Any CPU.ActiveCfg = Debug|Any CPU
		{2B9AF7F7-7526-4015-933C-BFF5385FE6BE}.Debug|Any CPU.Build.0 = Debug|Any CPU
		{2B9AF7F7-7526-4015-933C-BFF5385FE6BE}.Release|Any CPU.ActiveCfg = Release|Any CPU
		{2B9AF7F7-7526-4015-933C-BFF5385FE6BE}.Release|Any CPU.Build.0 = Release|Any CPU
		{9FE5EF25-BDFD-4C1F-AB63-9669D0AB0A87}.Debug|Any CPU.ActiveCfg = Debug|Any CPU
		{9FE5EF25-BDFD-4C1F-AB63-9669D0AB0A87}.Debug|Any CPU.Build.0 = Debug|Any CPU
		{9FE5EF25-BDFD-4C1F-AB63-9669D0AB0A87}.Release|Any CPU.ActiveCfg = Release|Any CPU
		{9FE5EF25-BDFD-4C1F-AB63-9669D0AB0A87}.Release|Any CPU.Build.0 = Release|Any CPU
		{042C5388-9AF1-4B86-95FF-EA618EB5664E}.Debug|Any CPU.ActiveCfg = Debug|Any CPU
		{042C5388-9AF1-4B86-95FF-EA618EB5664E}.Debug|Any CPU.Build.0 = Debug|Any CPU
		{042C5388-9AF1-4B86-95FF-EA618EB5664E}.Release|Any CPU.ActiveCfg = Release|Any CPU
		{042C5388-9AF1-4B86-95FF-EA618EB5664E}.Release|Any CPU.Build.0 = Release|Any CPU
	EndGlobalSection
EndGlobal
